
Microsoft Visual Studio Solution File, Format Version 12.00
# Visual Studio Version 17
VisualStudioVersion = 17.3.32901.215
MinimumVisualStudioVersion = 10.0.40219.1
Project("{FAE04EC0-301F-11D3-BF4B-00C04F79EFBC}") = "YUVpalette", "WinFormsApp2\YUVpalette.csproj", "{B31F9E14-B090-4C16-A9CC-446C6B22CB1F}"
EndProject
Global
	GlobalSection(SolutionConfigurationPlatforms) = preSolution
		Debug|Any CPU = Debug|Any CPU
		Release|Any CPU = Release|Any CPU
	EndGlobalSection
	GlobalSection(ProjectConfigurationPlatforms) = postSolution
		{B31F9E14-B090-4C16-A9CC-446C6B22CB1F}.Debug|Any CPU.ActiveCfg = Debug|Any CPU
		{B31F9E14-B090-4C16-A9CC-446C6B22CB1F}.Debug|Any CPU.Build.0 = Debug|Any CPU
		{B31F9E14-B090-4C16-A9CC-446C6B22CB1F}.Release|Any CPU.ActiveCfg = Release|Any CPU
		{B31F9E14-B090-4C16-A9CC-446C6B22CB1F}.Release|Any CPU.Build.0 = Release|Any CPU
	EndGlobalSection
	GlobalSection(SolutionProperties) = preSolution
		HideSolutionNode = FALSE
	EndGlobalSection
	GlobalSection(ExtensibilityGlobals) = postSolution
		SolutionGuid = {B8E9F327-4B71-4558-8C32-61E6FB0FEB7E}
	EndGlobalSection
EndGlobal
